
Microsoft Visual Studio Solution File, Format Version 12.00
# Visual Studio Version 16
VisualStudioVersion = 16.0.30503.244
MinimumVisualStudioVersion = 10.0.40219.1
Project("{9A19103F-16F7-4668-BE54-9A1E7A4F7556}") = "date-app", "date-app\date-app.csproj", "{64082A08-8AE1-454B-9346-1BB88678435D}"
EndProject
Project("{FAE04EC0-301F-11D3-BF4B-00C04F79EFBC}") = "Infrastructure", "Infrastructure\Infrastructure.csproj", "{FD0E0F3C-6032-44CB-B254-D1F1F8710E5A}"
EndProject
Project("{9A19103F-16F7-4668-BE54-9A1E7A4F7556}") = "AppCore", "AppCore\AppCore.csproj", "{9E77B8CF-E93E-48E6-91A1-A98C6C169101}"
EndProject
Project("{2150E333-8FDC-42A3-9474-1A3956D46DE8}") = "Solution Items", "Solution Items", "{0F78EC7C-48E3-4363-97A9-F708385E167D}"
	ProjectSection(SolutionItems) = preProject
		.editorconfig = .editorconfig
	EndProjectSection
EndProject
Global
	GlobalSection(SolutionConfigurationPlatforms) = preSolution
		Debug|Any CPU = Debug|Any CPU
		Release|Any CPU = Release|Any CPU
	EndGlobalSection
	GlobalSection(ProjectConfigurationPlatforms) = postSolution
		{64082A08-8AE1-454B-9346-1BB88678435D}.Debug|Any CPU.ActiveCfg = Debug|Any CPU
		{64082A08-8AE1-454B-9346-1BB88678435D}.Debug|Any CPU.Build.0 = Debug|Any CPU
		{64082A08-8AE1-454B-9346-1BB88678435D}.Release|Any CPU.ActiveCfg = Release|Any CPU
		{64082A08-8AE1-454B-9346-1BB88678435D}.Release|Any CPU.Build.0 = Release|Any CPU
		{FD0E0F3C-6032-44CB-B254-D1F1F8710E5A}.Debug|Any CPU.ActiveCfg = Debug|Any CPU
		{FD0E0F3C-6032-44CB-B254-D1F1F8710E5A}.Debug|Any CPU.Build.0 = Debug|Any CPU
		{FD0E0F3C-6032-44CB-B254-D1F1F8710E5A}.Release|Any CPU.ActiveCfg = Release|Any CPU
		{FD0E0F3C-6032-44CB-B254-D1F1F8710E5A}.Release|Any CPU.Build.0 = Release|Any CPU
		{9E77B8CF-E93E-48E6-91A1-A98C6C169101}.Debug|Any CPU.ActiveCfg = Debug|Any CPU
		{9E77B8CF-E93E-48E6-91A1-A98C6C169101}.Debug|Any CPU.Build.0 = Debug|Any CPU
		{9E77B8CF-E93E-48E6-91A1-A98C6C169101}.Release|Any CPU.ActiveCfg = Release|Any CPU
		{9E77B8CF-E93E-48E6-91A1-A98C6C169101}.Release|Any CPU.Build.0 = Release|Any CPU
	EndGlobalSection
	GlobalSection(SolutionProperties) = preSolution
		HideSolutionNode = FALSE
	EndGlobalSection
	GlobalSection(ExtensibilityGlobals) = postSolution
		SolutionGuid = {DC33F705-F320-49A3-B53D-7EDDD1AD7205}
	EndGlobalSection
EndGlobal
